// !$*UTF8*$!
{
	archiveVersion = 1;
	classes = {
	};
	objectVersion = 46;
	objects = {

/* Begin PBXBuildFile section */
		D52D6D081B09F778006554E0 /* Agda_Writer_Parser_Tests.m in Sources */ = {isa = PBXBuildFile; fileRef = D52D6D071B09F778006554E0 /* Agda_Writer_Parser_Tests.m */; };
		D52D6D0F1B0A0589006554E0 /* todos in Resources */ = {isa = PBXBuildFile; fileRef = D52D6D0E1B0A0589006554E0 /* todos */; };
		D54AAE041AF012760022445F /* AWAgdaBufferWindow.m in Sources */ = {isa = PBXBuildFile; fileRef = D54AAE031AF012760022445F /* AWAgdaBufferWindow.m */; };
		D54AAE0E1AF0E67F0022445F /* ok_sign.png in Resources */ = {isa = PBXBuildFile; fileRef = D54AAE0D1AF0E67F0022445F /* ok_sign.png */; };
		D55772F01A73AF5C00EEF94B /* AWNotifications.m in Sources */ = {isa = PBXBuildFile; fileRef = D55772EF1A73AF5C00EEF94B /* AWNotifications.m */; };
		D55773071A73D89100EEF94B /* AWMainWindow.m in Sources */ = {isa = PBXBuildFile; fileRef = D55773021A73D89100EEF94B /* AWMainWindow.m */; };
		D55773081A73D89100EEF94B /* MAAttachedWindow.m in Sources */ = {isa = PBXBuildFile; fileRef = D55773041A73D89100EEF94B /* MAAttachedWindow.m */; };
		D55773091A73D89100EEF94B /* PrefrencesController.m in Sources */ = {isa = PBXBuildFile; fileRef = D55773061A73D89100EEF94B /* PrefrencesController.m */; };
		D55792F41A82D6C500DB83BD /* AWAgdaParser.m in Sources */ = {isa = PBXBuildFile; fileRef = D55792F31A82D6C500DB83BD /* AWAgdaParser.m */; };
		D55C211E1A766F110005D33A /* AWPopupAlertViewController.m in Sources */ = {isa = PBXBuildFile; fileRef = D55C211C1A766F110005D33A /* AWPopupAlertViewController.m */; };
		D55C211F1A766F110005D33A /* AWPopupAlertViewController.xib in Resources */ = {isa = PBXBuildFile; fileRef = D55C211D1A766F110005D33A /* AWPopupAlertViewController.xib */; };
		D56A0E3D1A797377006493D3 /* AWPopupAlertTableView.m in Sources */ = {isa = PBXBuildFile; fileRef = D56A0E3C1A797377006493D3 /* AWPopupAlertTableView.m */; };
		D56A0E401A7A27CF006493D3 /* AWLineNumbersTextView.m in Sources */ = {isa = PBXBuildFile; fileRef = D56A0E3F1A7A27CF006493D3 /* AWLineNumbersTextView.m */; };
		D56A0E431A7A3468006493D3 /* AWMainTextView.m in Sources */ = {isa = PBXBuildFile; fileRef = D56A0E421A7A3468006493D3 /* AWMainTextView.m */; };
		D56A16F41A84DEA100AC82DB /* AWContainerOutputTextView.m in Sources */ = {isa = PBXBuildFile; fileRef = D56A16F31A84DEA100AC82DB /* AWContainerOutputTextView.m */; };
		D56A16F71A84DF8900AC82DB /* AWContainerStatusTextView.m in Sources */ = {isa = PBXBuildFile; fileRef = D56A16F61A84DF8900AC82DB /* AWContainerStatusTextView.m */; };
		D56A16FA1A84E06B00AC82DB /* AWColors.m in Sources */ = {isa = PBXBuildFile; fileRef = D56A16F91A84E06B00AC82DB /* AWColors.m */; };
		D56A16FD1A84E4E700AC82DB /* AWMainSplitView.m in Sources */ = {isa = PBXBuildFile; fileRef = D56A16FC1A84E4E700AC82DB /* AWMainSplitView.m */; };
		D56A17001A84FB9800AC82DB /* NSSplitView+DMAdditions.m in Sources */ = {isa = PBXBuildFile; fileRef = D56A16FF1A84FB9800AC82DB /* NSSplitView+DMAdditions.m */; };
		D583562819EEEEC4009534C1 /* main.m in Sources */ = {isa = PBXBuildFile; fileRef = D583562719EEEEC4009534C1 /* main.m */; };
		D583562B19EEEEC4009534C1 /* AppDelegate.m in Sources */ = {isa = PBXBuildFile; fileRef = D583562A19EEEEC4009534C1 /* AppDelegate.m */; };
		D583562D19EEEEC4009534C1 /* Images.xcassets in Resources */ = {isa = PBXBuildFile; fileRef = D583562C19EEEEC4009534C1 /* Images.xcassets */; };
		D583563019EEEEC4009534C1 /* AWMainWindow.xib in Resources */ = {isa = PBXBuildFile; fileRef = D583562E19EEEEC4009534C1 /* AWMainWindow.xib */; };
		D5909BA51AF4C3640022D907 /* CustomTokenCell.m in Sources */ = {isa = PBXBuildFile; fileRef = D5909BA41AF4C3640022D907 /* CustomTokenCell.m */; };
		D59349CF1B108441002CD06F /* load_successful.png in Resources */ = {isa = PBXBuildFile; fileRef = D59349CE1B108441002CD06F /* load_successful.png */; };
		D59349D21B108B07002CD06F /* AWToastWindow.m in Sources */ = {isa = PBXBuildFile; fileRef = D59349D11B108B07002CD06F /* AWToastWindow.m */; };
		D59A76FD1AE5ADD200E6099E /* AWAgdaActions.m in Sources */ = {isa = PBXBuildFile; fileRef = D59A76FC1AE5ADD200E6099E /* AWAgdaActions.m */; };
		D5A7B8131AFA3F9600E6DE11 /* AWHelper.m in Sources */ = {isa = PBXBuildFile; fileRef = D5A7B8121AFA3F9600E6DE11 /* AWHelper.m */; };
		D5A9E2971B10AA35006F7DE2 /* failed_default.png in Resources */ = {isa = PBXBuildFile; fileRef = D5A9E2931B10AA35006F7DE2 /* failed_default.png */; };
		D5A9E2981B10AA35006F7DE2 /* load_failed.png in Resources */ = {isa = PBXBuildFile; fileRef = D5A9E2941B10AA35006F7DE2 /* load_failed.png */; };
		D5A9E29A1B10AA35006F7DE2 /* successful_default.png in Resources */ = {isa = PBXBuildFile; fileRef = D5A9E2961B10AA35006F7DE2 /* successful_default.png */; };
		D5B1B7661B51F83F00A276D0 /* AWHighlighting.m in Sources */ = {isa = PBXBuildFile; fileRef = D5B1B7651B51F83F00A276D0 /* AWHighlighting.m */; };
		D5C56BA41A811AE100422B5E /* AWCommunitacion.m in Sources */ = {isa = PBXBuildFile; fileRef = D5C56BA31A811AE100422B5E /* AWCommunitacion.m */; };
		D5C56BA91A815F7D00422B5E /* defaults.plist in Resources */ = {isa = PBXBuildFile; fileRef = D5C56BA81A815F7D00422B5E /* defaults.plist */; };
		D5C56BAC1A816FF300422B5E /* AWStatusTextView.m in Sources */ = {isa = PBXBuildFile; fileRef = D5C56BAB1A816FF300422B5E /* AWStatusTextView.m */; };
		D5FD997E1B1C7C17000DBFEA /* AWGoalsTableController.m in Sources */ = {isa = PBXBuildFile; fileRef = D5FD997D1B1C7C17000DBFEA /* AWGoalsTableController.m */; };
/* End PBXBuildFile section */

/* Begin PBXContainerItemProxy section */
		D52D6D091B09F778006554E0 /* PBXContainerItemProxy */ = {
			isa = PBXContainerItemProxy;
			containerPortal = D583561A19EEEEC4009534C1 /* Project object */;
			proxyType = 1;
			remoteGlobalIDString = D583562119EEEEC4009534C1;
			remoteInfo = "Agda Writer";
		};
/* End PBXContainerItemProxy section */

/* Begin PBXFileReference section */
		D52D6D031B09F778006554E0 /* Agda Writer Parser Tests.xctest */ = {isa = PBXFileReference; explicitFileType = wrapper.cfbundle; includeInIndex = 0; path = "Agda Writer Parser Tests.xctest"; sourceTree = BUILT_PRODUCTS_DIR; };
		D52D6D061B09F778006554E0 /* Info.plist */ = {isa = PBXFileReference; lastKnownFileType = text.plist.xml; path = Info.plist; sourceTree = "<group>"; };
		D52D6D071B09F778006554E0 /* Agda_Writer_Parser_Tests.m */ = {isa = PBXFileReference; lastKnownFileType = sourcecode.c.objc; path = Agda_Writer_Parser_Tests.m; sourceTree = "<group>"; };
		D52D6D0E1B0A0589006554E0 /* todos */ = {isa = PBXFileReference; fileEncoding = 4; lastKnownFileType = text; path = todos; sourceTree = "<group>"; };
		D54AAE021AF012760022445F /* AWAgdaBufferWindow.h */ = {isa = PBXFileReference; fileEncoding = 4; lastKnownFileType = sourcecode.c.h; name = AWAgdaBufferWindow.h; path = ViewControllers/AWAgdaBufferWindow.h; sourceTree = "<group>"; };
		D54AAE031AF012760022445F /* AWAgdaBufferWindow.m */ = {isa = PBXFileReference; fileEncoding = 4; lastKnownFileType = sourcecode.c.objc; name = AWAgdaBufferWindow.m; path = ViewControllers/AWAgdaBufferWindow.m; sourceTree = "<group>"; };
		D54AAE0D1AF0E67F0022445F /* ok_sign.png */ = {isa = PBXFileReference; lastKnownFileType = image.png; path = ok_sign.png; sourceTree = "<group>"; };
		D55772EE1A73AF5C00EEF94B /* AWNotifications.h */ = {isa = PBXFileReference; fileEncoding = 4; lastKnownFileType = sourcecode.c.h; name = AWNotifications.h; path = AgdaWriter/AWNotifications/AWNotifications.h; sourceTree = "<group>"; };
		D55772EF1A73AF5C00EEF94B /* AWNotifications.m */ = {isa = PBXFileReference; fileEncoding = 4; lastKnownFileType = sourcecode.c.objc; name = AWNotifications.m; path = AgdaWriter/AWNotifications/AWNotifications.m; sourceTree = "<group>"; };
		D55773011A73D89100EEF94B /* AWMainWindow.h */ = {isa = PBXFileReference; fileEncoding = 4; lastKnownFileType = sourcecode.c.h; name = AWMainWindow.h; path = ViewControllers/AWMainWindow.h; sourceTree = "<group>"; };
		D55773021A73D89100EEF94B /* AWMainWindow.m */ = {isa = PBXFileReference; fileEncoding = 4; lastKnownFileType = sourcecode.c.objc; name = AWMainWindow.m; path = ViewControllers/AWMainWindow.m; sourceTree = "<group>"; };
		D55773031A73D89100EEF94B /* MAAttachedWindow.h */ = {isa = PBXFileReference; fileEncoding = 4; lastKnownFileType = sourcecode.c.h; name = MAAttachedWindow.h; path = ViewControllers/MAAttachedWindow.h; sourceTree = "<group>"; };
		D55773041A73D89100EEF94B /* MAAttachedWindow.m */ = {isa = PBXFileReference; fileEncoding = 4; lastKnownFileType = sourcecode.c.objc; name = MAAttachedWindow.m; path = ViewControllers/MAAttachedWindow.m; sourceTree = "<group>"; };
		D55773051A73D89100EEF94B /* PrefrencesController.h */ = {isa = PBXFileReference; fileEncoding = 4; lastKnownFileType = sourcecode.c.h; name = PrefrencesController.h; path = ViewControllers/PrefrencesController.h; sourceTree = "<group>"; };
		D55773061A73D89100EEF94B /* PrefrencesController.m */ = {isa = PBXFileReference; fileEncoding = 4; lastKnownFileType = sourcecode.c.objc; name = PrefrencesController.m; path = ViewControllers/PrefrencesController.m; sourceTree = "<group>"; };
		D55792F21A82D6C500DB83BD /* AWAgdaParser.h */ = {isa = PBXFileReference; fileEncoding = 4; lastKnownFileType = sourcecode.c.h; name = AWAgdaParser.h; path = AgdaWriter/AWAgdaParser.h; sourceTree = "<group>"; };
		D55792F31A82D6C500DB83BD /* AWAgdaParser.m */ = {isa = PBXFileReference; fileEncoding = 4; lastKnownFileType = sourcecode.c.objc; name = AWAgdaParser.m; path = AgdaWriter/AWAgdaParser.m; sourceTree = "<group>"; };
		D55C211B1A766F110005D33A /* AWPopupAlertViewController.h */ = {isa = PBXFileReference; fileEncoding = 4; lastKnownFileType = sourcecode.c.h; name = AWPopupAlertViewController.h; path = ViewControllers/Helpers/AWPopupAlertViewController.h; sourceTree = "<group>"; };
		D55C211C1A766F110005D33A /* AWPopupAlertViewController.m */ = {isa = PBXFileReference; fileEncoding = 4; lastKnownFileType = sourcecode.c.objc; name = AWPopupAlertViewController.m; path = ViewControllers/Helpers/AWPopupAlertViewController.m; sourceTree = "<group>"; };
		D55C211D1A766F110005D33A /* AWPopupAlertViewController.xib */ = {isa = PBXFileReference; fileEncoding = 4; lastKnownFileType = file.xib; name = AWPopupAlertViewController.xib; path = ViewControllers/Helpers/AWPopupAlertViewController.xib; sourceTree = "<group>"; };
		D56A0E3B1A797377006493D3 /* AWPopupAlertTableView.h */ = {isa = PBXFileReference; fileEncoding = 4; lastKnownFileType = sourcecode.c.h; name = AWPopupAlertTableView.h; path = ViewControllers/Helpers/AWPopupAlertTableView.h; sourceTree = "<group>"; };
		D56A0E3C1A797377006493D3 /* AWPopupAlertTableView.m */ = {isa = PBXFileReference; fileEncoding = 4; lastKnownFileType = sourcecode.c.objc; name = AWPopupAlertTableView.m; path = ViewControllers/Helpers/AWPopupAlertTableView.m; sourceTree = "<group>"; };
		D56A0E3E1A7A27CF006493D3 /* AWLineNumbersTextView.h */ = {isa = PBXFileReference; fileEncoding = 4; lastKnownFileType = sourcecode.c.h; name = AWLineNumbersTextView.h; path = ViewControllers/Helpers/AWLineNumbersTextView.h; sourceTree = "<group>"; };
		D56A0E3F1A7A27CF006493D3 /* AWLineNumbersTextView.m */ = {isa = PBXFileReference; fileEncoding = 4; lastKnownFileType = sourcecode.c.objc; name = AWLineNumbersTextView.m; path = ViewControllers/Helpers/AWLineNumbersTextView.m; sourceTree = "<group>"; };
		D56A0E411A7A3468006493D3 /* AWMainTextView.h */ = {isa = PBXFileReference; fileEncoding = 4; lastKnownFileType = sourcecode.c.h; name = AWMainTextView.h; path = ViewControllers/Helpers/AWMainTextView.h; sourceTree = "<group>"; };
		D56A0E421A7A3468006493D3 /* AWMainTextView.m */ = {isa = PBXFileReference; fileEncoding = 4; lastKnownFileType = sourcecode.c.objc; name = AWMainTextView.m; path = ViewControllers/Helpers/AWMainTextView.m; sourceTree = "<group>"; };
		D56A16F21A84DEA100AC82DB /* AWContainerOutputTextView.h */ = {isa = PBXFileReference; fileEncoding = 4; lastKnownFileType = sourcecode.c.h; path = AWContainerOutputTextView.h; sourceTree = "<group>"; };
		D56A16F31A84DEA100AC82DB /* AWContainerOutputTextView.m */ = {isa = PBXFileReference; fileEncoding = 4; lastKnownFileType = sourcecode.c.objc; path = AWContainerOutputTextView.m; sourceTree = "<group>"; };
		D56A16F51A84DF8900AC82DB /* AWContainerStatusTextView.h */ = {isa = PBXFileReference; fileEncoding = 4; lastKnownFileType = sourcecode.c.h; path = AWContainerStatusTextView.h; sourceTree = "<group>"; };
		D56A16F61A84DF8900AC82DB /* AWContainerStatusTextView.m */ = {isa = PBXFileReference; fileEncoding = 4; lastKnownFileType = sourcecode.c.objc; path = AWContainerStatusTextView.m; sourceTree = "<group>"; };
		D56A16F81A84E06B00AC82DB /* AWColors.h */ = {isa = PBXFileReference; fileEncoding = 4; lastKnownFileType = sourcecode.c.h; path = AWColors.h; sourceTree = "<group>"; };
		D56A16F91A84E06B00AC82DB /* AWColors.m */ = {isa = PBXFileReference; fileEncoding = 4; lastKnownFileType = sourcecode.c.objc; path = AWColors.m; sourceTree = "<group>"; };
		D56A16FB1A84E4E700AC82DB /* AWMainSplitView.h */ = {isa = PBXFileReference; fileEncoding = 4; lastKnownFileType = sourcecode.c.h; path = AWMainSplitView.h; sourceTree = "<group>"; };
		D56A16FC1A84E4E700AC82DB /* AWMainSplitView.m */ = {isa = PBXFileReference; fileEncoding = 4; lastKnownFileType = sourcecode.c.objc; path = AWMainSplitView.m; sourceTree = "<group>"; };
		D56A16FE1A84FB9800AC82DB /* NSSplitView+DMAdditions.h */ = {isa = PBXFileReference; fileEncoding = 4; lastKnownFileType = sourcecode.c.h; name = "NSSplitView+DMAdditions.h"; path = "AgdaWriter/NSSplitView+DMAdditions.h"; sourceTree = "<group>"; };
		D56A16FF1A84FB9800AC82DB /* NSSplitView+DMAdditions.m */ = {isa = PBXFileReference; fileEncoding = 4; lastKnownFileType = sourcecode.c.objc; name = "NSSplitView+DMAdditions.m"; path = "AgdaWriter/NSSplitView+DMAdditions.m"; sourceTree = "<group>"; };
		D583562219EEEEC4009534C1 /* Agda Writer.app */ = {isa = PBXFileReference; explicitFileType = wrapper.application; includeInIndex = 0; path = "Agda Writer.app"; sourceTree = BUILT_PRODUCTS_DIR; };
		D583562619EEEEC4009534C1 /* Info.plist */ = {isa = PBXFileReference; lastKnownFileType = text.plist.xml; path = Info.plist; sourceTree = "<group>"; };
		D583562719EEEEC4009534C1 /* main.m */ = {isa = PBXFileReference; lastKnownFileType = sourcecode.c.objc; path = main.m; sourceTree = "<group>"; };
		D583562919EEEEC4009534C1 /* AppDelegate.h */ = {isa = PBXFileReference; lastKnownFileType = sourcecode.c.h; path = AppDelegate.h; sourceTree = "<group>"; };
		D583562A19EEEEC4009534C1 /* AppDelegate.m */ = {isa = PBXFileReference; lastKnownFileType = sourcecode.c.objc; path = AppDelegate.m; sourceTree = "<group>"; };
		D583562C19EEEEC4009534C1 /* Images.xcassets */ = {isa = PBXFileReference; lastKnownFileType = folder.assetcatalog; path = Images.xcassets; sourceTree = "<group>"; };
		D583562F19EEEEC4009534C1 /* Base */ = {isa = PBXFileReference; lastKnownFileType = file.xib; name = Base; path = Base.lproj/AWMainWindow.xib; sourceTree = "<group>"; };
		D583563A19EEEEC4009534C1 /* Info.plist */ = {isa = PBXFileReference; lastKnownFileType = text.plist.xml; path = Info.plist; sourceTree = "<group>"; };
		D583563B19EEEEC4009534C1 /* AgdaWriterTests.m */ = {isa = PBXFileReference; lastKnownFileType = sourcecode.c.objc; path = AgdaWriterTests.m; sourceTree = "<group>"; };
		D5909BA31AF4C3640022D907 /* CustomTokenCell.h */ = {isa = PBXFileReference; fileEncoding = 4; lastKnownFileType = sourcecode.c.h; path = CustomTokenCell.h; sourceTree = "<group>"; };
		D5909BA41AF4C3640022D907 /* CustomTokenCell.m */ = {isa = PBXFileReference; fileEncoding = 4; lastKnownFileType = sourcecode.c.objc; path = CustomTokenCell.m; sourceTree = "<group>"; };
		D59349CE1B108441002CD06F /* load_successful.png */ = {isa = PBXFileReference; lastKnownFileType = image.png; name = load_successful.png; path = AgdaWriter/Images/Alerts/load_successful.png; sourceTree = "<group>"; };
		D59349D01B108B07002CD06F /* AWToastWindow.h */ = {isa = PBXFileReference; fileEncoding = 4; lastKnownFileType = sourcecode.c.h; name = AWToastWindow.h; path = AgdaWriter/AWNotifications/AWToastWindow.h; sourceTree = "<group>"; };
		D59349D11B108B07002CD06F /* AWToastWindow.m */ = {isa = PBXFileReference; fileEncoding = 4; lastKnownFileType = sourcecode.c.objc; name = AWToastWindow.m; path = AgdaWriter/AWNotifications/AWToastWindow.m; sourceTree = "<group>"; };
		D59A76F91AE5A13400E6099E /* AgdaParserTests.m */ = {isa = PBXFileReference; fileEncoding = 4; lastKnownFileType = sourcecode.c.objc; path = AgdaParserTests.m; sourceTree = "<group>"; };
		D59A76FB1AE5ADD200E6099E /* AWAgdaActions.h */ = {isa = PBXFileReference; fileEncoding = 4; lastKnownFileType = sourcecode.c.h; name = AWAgdaActions.h; path = AgdaWriter/AWAgdaActions.h; sourceTree = "<group>"; };
		D59A76FC1AE5ADD200E6099E /* AWAgdaActions.m */ = {isa = PBXFileReference; fileEncoding = 4; lastKnownFileType = sourcecode.c.objc; name = AWAgdaActions.m; path = AgdaWriter/AWAgdaActions.m; sourceTree = "<group>"; };
		D5A7B8111AFA3F9600E6DE11 /* AWHelper.h */ = {isa = PBXFileReference; fileEncoding = 4; lastKnownFileType = sourcecode.c.h; path = AWHelper.h; sourceTree = "<group>"; };
		D5A7B8121AFA3F9600E6DE11 /* AWHelper.m */ = {isa = PBXFileReference; fileEncoding = 4; lastKnownFileType = sourcecode.c.objc; path = AWHelper.m; sourceTree = "<group>"; };
		D5A9E2931B10AA35006F7DE2 /* failed_default.png */ = {isa = PBXFileReference; lastKnownFileType = image.png; name = failed_default.png; path = AgdaWriter/Images/Alerts/failed_default.png; sourceTree = "<group>"; };
		D5A9E2941B10AA35006F7DE2 /* load_failed.png */ = {isa = PBXFileReference; lastKnownFileType = image.png; name = load_failed.png; path = AgdaWriter/Images/Alerts/load_failed.png; sourceTree = "<group>"; };
		D5A9E2961B10AA35006F7DE2 /* successful_default.png */ = {isa = PBXFileReference; lastKnownFileType = image.png; name = successful_default.png; path = AgdaWriter/Images/Alerts/successful_default.png; sourceTree = "<group>"; };
		D5B1B7641B51F83F00A276D0 /* AWHighlighting.h */ = {isa = PBXFileReference; fileEncoding = 4; lastKnownFileType = sourcecode.c.h; name = AWHighlighting.h; path = AgdaWriter/AWHighlighting.h; sourceTree = "<group>"; };
		D5B1B7651B51F83F00A276D0 /* AWHighlighting.m */ = {isa = PBXFileReference; fileEncoding = 4; lastKnownFileType = sourcecode.c.objc; name = AWHighlighting.m; path = AgdaWriter/AWHighlighting.m; sourceTree = "<group>"; };
		D5C56BA21A811AE100422B5E /* AWCommunitacion.h */ = {isa = PBXFileReference; fileEncoding = 4; lastKnownFileType = sourcecode.c.h; name = AWCommunitacion.h; path = AgdaWriter/AWCommunitacion.h; sourceTree = "<group>"; };
		D5C56BA31A811AE100422B5E /* AWCommunitacion.m */ = {isa = PBXFileReference; fileEncoding = 4; lastKnownFileType = sourcecode.c.objc; name = AWCommunitacion.m; path = AgdaWriter/AWCommunitacion.m; sourceTree = "<group>"; };
		D5C56BA81A815F7D00422B5E /* defaults.plist */ = {isa = PBXFileReference; fileEncoding = 4; lastKnownFileType = text.plist.xml; name = defaults.plist; path = AgdaWriter/defaults.plist; sourceTree = "<group>"; };
		D5C56BAA1A816FF300422B5E /* AWStatusTextView.h */ = {isa = PBXFileReference; fileEncoding = 4; lastKnownFileType = sourcecode.c.h; path = AWStatusTextView.h; sourceTree = "<group>"; };
		D5C56BAB1A816FF300422B5E /* AWStatusTextView.m */ = {isa = PBXFileReference; fileEncoding = 4; lastKnownFileType = sourcecode.c.objc; path = AWStatusTextView.m; sourceTree = "<group>"; };
		D5FD997C1B1C7C17000DBFEA /* AWGoalsTableController.h */ = {isa = PBXFileReference; fileEncoding = 4; lastKnownFileType = sourcecode.c.h; path = AWGoalsTableController.h; sourceTree = "<group>"; };
		D5FD997D1B1C7C17000DBFEA /* AWGoalsTableController.m */ = {isa = PBXFileReference; fileEncoding = 4; lastKnownFileType = sourcecode.c.objc; path = AWGoalsTableController.m; sourceTree = "<group>"; };
/* End PBXFileReference section */

/* Begin PBXFrameworksBuildPhase section */
		D52D6D001B09F778006554E0 /* Frameworks */ = {
			isa = PBXFrameworksBuildPhase;
			buildActionMask = 2147483647;
			files = (
			);
			runOnlyForDeploymentPostprocessing = 0;
		};
		D583561F19EEEEC4009534C1 /* Frameworks */ = {
			isa = PBXFrameworksBuildPhase;
			buildActionMask = 2147483647;
			files = (
			);
			runOnlyForDeploymentPostprocessing = 0;
		};
/* End PBXFrameworksBuildPhase section */

/* Begin PBXGroup section */
		D52D6D041B09F778006554E0 /* Agda Writer Parser Tests */ = {
			isa = PBXGroup;
			children = (
				D52D6D071B09F778006554E0 /* Agda_Writer_Parser_Tests.m */,
				D52D6D051B09F778006554E0 /* Supporting Files */,
			);
			path = "Agda Writer Parser Tests";
			sourceTree = "<group>";
		};
		D52D6D051B09F778006554E0 /* Supporting Files */ = {
			isa = PBXGroup;
			children = (
				D52D6D061B09F778006554E0 /* Info.plist */,
			);
			name = "Supporting Files";
			sourceTree = "<group>";
		};
		D54AAE051AF0127E0022445F /* Agda Buffer */ = {
			isa = PBXGroup;
			children = (
				D54AAE021AF012760022445F /* AWAgdaBufferWindow.h */,
				D54AAE031AF012760022445F /* AWAgdaBufferWindow.m */,
			);
			name = "Agda Buffer";
			sourceTree = "<group>";
		};
		D54AAE0C1AF0E6650022445F /* Assets */ = {
			isa = PBXGroup;
			children = (
				D5A9E2931B10AA35006F7DE2 /* failed_default.png */,
				D5A9E2941B10AA35006F7DE2 /* load_failed.png */,
				D5A9E2961B10AA35006F7DE2 /* successful_default.png */,
				D59349CE1B108441002CD06F /* load_successful.png */,
				D54AAE0D1AF0E67F0022445F /* ok_sign.png */,
			);
			name = Assets;
			sourceTree = "<group>";
		};
		D55772EB1A73ACCB00EEF94B /* Images */ = {
			isa = PBXGroup;
			children = (
				D54AAE0C1AF0E6650022445F /* Assets */,
				D55772FA1A73C8A300EEF94B /* Icons */,
			);
			name = Images;
			sourceTree = "<group>";
		};
		D55772F11A73AF6200EEF94B /* AWNotifications */ = {
			isa = PBXGroup;
			children = (
				D55772EE1A73AF5C00EEF94B /* AWNotifications.h */,
				D55772EF1A73AF5C00EEF94B /* AWNotifications.m */,
				D59349D01B108B07002CD06F /* AWToastWindow.h */,
				D59349D11B108B07002CD06F /* AWToastWindow.m */,
			);
			name = AWNotifications;
			path = ..;
			sourceTree = "<group>";
		};
		D55772FA1A73C8A300EEF94B /* Icons */ = {
			isa = PBXGroup;
			children = (
			);
			name = Icons;
			sourceTree = "<group>";
		};
		D557730A1A73D8A700EEF94B /* View Controllers */ = {
			isa = PBXGroup;
			children = (
				D54AAE051AF0127E0022445F /* Agda Buffer */,
				D56A16EA1A84DD2800AC82DB /* Preferences */,
				D56A16E91A84DD0900AC82DB /* Main View Controller */,
				D583562E19EEEEC4009534C1 /* AWMainWindow.xib */,
				D55773011A73D89100EEF94B /* AWMainWindow.h */,
				D55773021A73D89100EEF94B /* AWMainWindow.m */,
				D55773031A73D89100EEF94B /* MAAttachedWindow.h */,
				D55773041A73D89100EEF94B /* MAAttachedWindow.m */,
			);
			name = "View Controllers";
			sourceTree = "<group>";
		};
		D55773191A7400EA00EEF94B /* Helpers */ = {
			isa = PBXGroup;
			children = (
				D55C211B1A766F110005D33A /* AWPopupAlertViewController.h */,
				D55C211C1A766F110005D33A /* AWPopupAlertViewController.m */,
				D55C211D1A766F110005D33A /* AWPopupAlertViewController.xib */,
				D56A0E3B1A797377006493D3 /* AWPopupAlertTableView.h */,
				D56A0E3C1A797377006493D3 /* AWPopupAlertTableView.m */,
				D56A16F81A84E06B00AC82DB /* AWColors.h */,
				D56A16F91A84E06B00AC82DB /* AWColors.m */,
				D5A7B8111AFA3F9600E6DE11 /* AWHelper.h */,
				D5A7B8121AFA3F9600E6DE11 /* AWHelper.m */,
			);
			name = Helpers;
			sourceTree = "<group>";
		};
		D56A16E91A84DD0900AC82DB /* Main View Controller */ = {
			isa = PBXGroup;
			children = (
				D56A16EB1A84DD4200AC82DB /* Split View */,
			);
			name = "Main View Controller";
			sourceTree = "<group>";
		};
		D56A16EA1A84DD2800AC82DB /* Preferences */ = {
			isa = PBXGroup;
			children = (
				D55773051A73D89100EEF94B /* PrefrencesController.h */,
				D55773061A73D89100EEF94B /* PrefrencesController.m */,
			);
			name = Preferences;
			sourceTree = "<group>";
		};
		D56A16EB1A84DD4200AC82DB /* Split View */ = {
			isa = PBXGroup;
			children = (
				D56A16FB1A84E4E700AC82DB /* AWMainSplitView.h */,
				D56A16FC1A84E4E700AC82DB /* AWMainSplitView.m */,
				D56A16EC1A84DD5500AC82DB /* Horizontal - Left */,
				D56A16ED1A84DD6E00AC82DB /* Horizontal - Right */,
			);
			name = "Split View";
			sourceTree = "<group>";
		};
		D56A16EC1A84DD5500AC82DB /* Horizontal - Left */ = {
			isa = PBXGroup;
			children = (
				D56A0E3E1A7A27CF006493D3 /* AWLineNumbersTextView.h */,
				D56A0E3F1A7A27CF006493D3 /* AWLineNumbersTextView.m */,
				D56A0E411A7A3468006493D3 /* AWMainTextView.h */,
				D56A0E421A7A3468006493D3 /* AWMainTextView.m */,
				D5909BA31AF4C3640022D907 /* CustomTokenCell.h */,
				D5909BA41AF4C3640022D907 /* CustomTokenCell.m */,
			);
			name = "Horizontal - Left";
			sourceTree = "<group>";
		};
		D56A16ED1A84DD6E00AC82DB /* Horizontal - Right */ = {
			isa = PBXGroup;
			children = (
				D56A16EE1A84DD8000AC82DB /* Vertical - Up */,
				D56A16EF1A84DD8900AC82DB /* Vertical - Down */,
			);
			name = "Horizontal - Right";
			sourceTree = "<group>";
		};
		D56A16EE1A84DD8000AC82DB /* Vertical - Up */ = {
			isa = PBXGroup;
			children = (
				D56A16F21A84DEA100AC82DB /* AWContainerOutputTextView.h */,
				D56A16F31A84DEA100AC82DB /* AWContainerOutputTextView.m */,
				D5FD997C1B1C7C17000DBFEA /* AWGoalsTableController.h */,
				D5FD997D1B1C7C17000DBFEA /* AWGoalsTableController.m */,
			);
			name = "Vertical - Up";
			sourceTree = "<group>";
		};
		D56A16EF1A84DD8900AC82DB /* Vertical - Down */ = {
			isa = PBXGroup;
			children = (
				D5C56BAA1A816FF300422B5E /* AWStatusTextView.h */,
				D5C56BAB1A816FF300422B5E /* AWStatusTextView.m */,
				D56A16F51A84DF8900AC82DB /* AWContainerStatusTextView.h */,
				D56A16F61A84DF8900AC82DB /* AWContainerStatusTextView.m */,
			);
			name = "Vertical - Down";
			sourceTree = "<group>";
		};
		D583561919EEEEC4009534C1 = {
			isa = PBXGroup;
			children = (
				D52D6D0E1B0A0589006554E0 /* todos */,
				D56A16FE1A84FB9800AC82DB /* NSSplitView+DMAdditions.h */,
				D56A16FF1A84FB9800AC82DB /* NSSplitView+DMAdditions.m */,
				D5C56BA81A815F7D00422B5E /* defaults.plist */,
				D583562419EEEEC4009534C1 /* AgdaWriter */,
				D583563819EEEEC4009534C1 /* AgdaWriterTests */,
				D52D6D041B09F778006554E0 /* Agda Writer Parser Tests */,
				D583562319EEEEC4009534C1 /* Products */,
				D55772EB1A73ACCB00EEF94B /* Images */,
			);
			sourceTree = "<group>";
		};
		D583562319EEEEC4009534C1 /* Products */ = {
			isa = PBXGroup;
			children = (
				D583562219EEEEC4009534C1 /* Agda Writer.app */,
				D52D6D031B09F778006554E0 /* Agda Writer Parser Tests.xctest */,
			);
			name = Products;
			sourceTree = "<group>";
		};
		D583562419EEEEC4009534C1 /* AgdaWriter */ = {
			isa = PBXGroup;
			children = (
				D5C56BA11A811AB900422B5E /* AWCommunications */,
				D55772F11A73AF6200EEF94B /* AWNotifications */,
				D55773191A7400EA00EEF94B /* Helpers */,
				D557730A1A73D8A700EEF94B /* View Controllers */,
				D583562919EEEEC4009534C1 /* AppDelegate.h */,
				D583562A19EEEEC4009534C1 /* AppDelegate.m */,
				D583562C19EEEEC4009534C1 /* Images.xcassets */,
				D583562519EEEEC4009534C1 /* Supporting Files */,
			);
			path = AgdaWriter;
			sourceTree = "<group>";
		};
		D583562519EEEEC4009534C1 /* Supporting Files */ = {
			isa = PBXGroup;
			children = (
				D583562619EEEEC4009534C1 /* Info.plist */,
				D583562719EEEEC4009534C1 /* main.m */,
			);
			name = "Supporting Files";
			sourceTree = "<group>";
		};
		D583563819EEEEC4009534C1 /* AgdaWriterTests */ = {
			isa = PBXGroup;
			children = (
				D59A76F91AE5A13400E6099E /* AgdaParserTests.m */,
				D583563B19EEEEC4009534C1 /* AgdaWriterTests.m */,
				D583563919EEEEC4009534C1 /* Supporting Files */,
			);
			path = AgdaWriterTests;
			sourceTree = "<group>";
		};
		D583563919EEEEC4009534C1 /* Supporting Files */ = {
			isa = PBXGroup;
			children = (
				D583563A19EEEEC4009534C1 /* Info.plist */,
			);
			name = "Supporting Files";
			sourceTree = "<group>";
		};
		D5C56BA11A811AB900422B5E /* AWCommunications */ = {
			isa = PBXGroup;
			children = (
				D5C56BA21A811AE100422B5E /* AWCommunitacion.h */,
				D5C56BA31A811AE100422B5E /* AWCommunitacion.m */,
				D55792F21A82D6C500DB83BD /* AWAgdaParser.h */,
				D55792F31A82D6C500DB83BD /* AWAgdaParser.m */,
				D59A76FB1AE5ADD200E6099E /* AWAgdaActions.h */,
				D59A76FC1AE5ADD200E6099E /* AWAgdaActions.m */,
				D5B1B7641B51F83F00A276D0 /* AWHighlighting.h */,
				D5B1B7651B51F83F00A276D0 /* AWHighlighting.m */,
			);
			name = AWCommunications;
			path = ..;
			sourceTree = "<group>";
		};
/* End PBXGroup section */

/* Begin PBXNativeTarget section */
		D52D6D021B09F778006554E0 /* Agda Writer Parser Tests */ = {
			isa = PBXNativeTarget;
			buildConfigurationList = D52D6D0B1B09F778006554E0 /* Build configuration list for PBXNativeTarget "Agda Writer Parser Tests" */;
			buildPhases = (
				D52D6CFF1B09F778006554E0 /* Sources */,
				D52D6D001B09F778006554E0 /* Frameworks */,
				D52D6D011B09F778006554E0 /* Resources */,
			);
			buildRules = (
			);
			dependencies = (
				D52D6D0A1B09F778006554E0 /* PBXTargetDependency */,
			);
			name = "Agda Writer Parser Tests";
			productName = "Agda Writer Parser Tests";
			productReference = D52D6D031B09F778006554E0 /* Agda Writer Parser Tests.xctest */;
			productType = "com.apple.product-type.bundle.unit-test";
		};
		D583562119EEEEC4009534C1 /* Agda Writer */ = {
			isa = PBXNativeTarget;
			buildConfigurationList = D583563F19EEEEC4009534C1 /* Build configuration list for PBXNativeTarget "Agda Writer" */;
			buildPhases = (
				D583561E19EEEEC4009534C1 /* Sources */,
				D583561F19EEEEC4009534C1 /* Frameworks */,
				D583562019EEEEC4009534C1 /* Resources */,
			);
			buildRules = (
			);
			dependencies = (
			);
			name = "Agda Writer";
			productName = AgdaWriter;
			productReference = D583562219EEEEC4009534C1 /* Agda Writer.app */;
			productType = "com.apple.product-type.application";
		};
/* End PBXNativeTarget section */

/* Begin PBXProject section */
		D583561A19EEEEC4009534C1 /* Project object */ = {
			isa = PBXProject;
			attributes = {
				LastUpgradeCheck = 0600;
				ORGANIZATIONNAME = koleznik.net;
				TargetAttributes = {
					D52D6D021B09F778006554E0 = {
						CreatedOnToolsVersion = 6.3.1;
						TestTargetID = D583562119EEEEC4009534C1;
					};
					D583562119EEEEC4009534C1 = {
						CreatedOnToolsVersion = 6.0.1;
					};
				};
			};
			buildConfigurationList = D583561D19EEEEC4009534C1 /* Build configuration list for PBXProject "AgdaWriter" */;
			compatibilityVersion = "Xcode 3.2";
			developmentRegion = English;
			hasScannedForEncodings = 0;
			knownRegions = (
				en,
				Base,
			);
			mainGroup = D583561919EEEEC4009534C1;
			productRefGroup = D583562319EEEEC4009534C1 /* Products */;
			projectDirPath = "";
			projectRoot = "";
			targets = (
				D583562119EEEEC4009534C1 /* Agda Writer */,
				D52D6D021B09F778006554E0 /* Agda Writer Parser Tests */,
			);
		};
/* End PBXProject section */

/* Begin PBXResourcesBuildPhase section */
		D52D6D011B09F778006554E0 /* Resources */ = {
			isa = PBXResourcesBuildPhase;
			buildActionMask = 2147483647;
			files = (
			);
			runOnlyForDeploymentPostprocessing = 0;
		};
		D583562019EEEEC4009534C1 /* Resources */ = {
			isa = PBXResourcesBuildPhase;
			buildActionMask = 2147483647;
			files = (
				D583562D19EEEEC4009534C1 /* Images.xcassets in Resources */,
				D5A9E29A1B10AA35006F7DE2 /* successful_default.png in Resources */,
				D59349CF1B108441002CD06F /* load_successful.png in Resources */,
				D55C211F1A766F110005D33A /* AWPopupAlertViewController.xib in Resources */,
				D5A9E2981B10AA35006F7DE2 /* load_failed.png in Resources */,
				D52D6D0F1B0A0589006554E0 /* todos in Resources */,
				D54AAE0E1AF0E67F0022445F /* ok_sign.png in Resources */,
				D5C56BA91A815F7D00422B5E /* defaults.plist in Resources */,
				D5A9E2971B10AA35006F7DE2 /* failed_default.png in Resources */,
				D583563019EEEEC4009534C1 /* AWMainWindow.xib in Resources */,
			);
			runOnlyForDeploymentPostprocessing = 0;
		};
/* End PBXResourcesBuildPhase section */

/* Begin PBXSourcesBuildPhase section */
		D52D6CFF1B09F778006554E0 /* Sources */ = {
			isa = PBXSourcesBuildPhase;
			buildActionMask = 2147483647;
			files = (
				D52D6D081B09F778006554E0 /* Agda_Writer_Parser_Tests.m in Sources */,
			);
			runOnlyForDeploymentPostprocessing = 0;
		};
		D583561E19EEEEC4009534C1 /* Sources */ = {
			isa = PBXSourcesBuildPhase;
			buildActionMask = 2147483647;
			files = (
				D56A0E3D1A797377006493D3 /* AWPopupAlertTableView.m in Sources */,
				D583562B19EEEEC4009534C1 /* AppDelegate.m in Sources */,
				D55773091A73D89100EEF94B /* PrefrencesController.m in Sources */,
				D55772F01A73AF5C00EEF94B /* AWNotifications.m in Sources */,
				D5A7B8131AFA3F9600E6DE11 /* AWHelper.m in Sources */,
				D56A16FD1A84E4E700AC82DB /* AWMainSplitView.m in Sources */,
				D55C211E1A766F110005D33A /* AWPopupAlertViewController.m in Sources */,
				D56A16F71A84DF8900AC82DB /* AWContainerStatusTextView.m in Sources */,
				D56A17001A84FB9800AC82DB /* NSSplitView+DMAdditions.m in Sources */,
				D56A16F41A84DEA100AC82DB /* AWContainerOutputTextView.m in Sources */,
				D5C56BAC1A816FF300422B5E /* AWStatusTextView.m in Sources */,
				D5909BA51AF4C3640022D907 /* CustomTokenCell.m in Sources */,
				D55773081A73D89100EEF94B /* MAAttachedWindow.m in Sources */,
				D54AAE041AF012760022445F /* AWAgdaBufferWindow.m in Sources */,
				D5C56BA41A811AE100422B5E /* AWCommunitacion.m in Sources */,
				D59A76FD1AE5ADD200E6099E /* AWAgdaActions.m in Sources */,
				D55773071A73D89100EEF94B /* AWMainWindow.m in Sources */,
				D56A16FA1A84E06B00AC82DB /* AWColors.m in Sources */,
				D56A0E401A7A27CF006493D3 /* AWLineNumbersTextView.m in Sources */,
				D56A0E431A7A3468006493D3 /* AWMainTextView.m in Sources */,
				D5B1B7661B51F83F00A276D0 /* AWHighlighting.m in Sources */,
				D59349D21B108B07002CD06F /* AWToastWindow.m in Sources */,
				D583562819EEEEC4009534C1 /* main.m in Sources */,
				D55792F41A82D6C500DB83BD /* AWAgdaParser.m in Sources */,
				D5FD997E1B1C7C17000DBFEA /* AWGoalsTableController.m in Sources */,
			);
			runOnlyForDeploymentPostprocessing = 0;
		};
/* End PBXSourcesBuildPhase section */

/* Begin PBXTargetDependency section */
		D52D6D0A1B09F778006554E0 /* PBXTargetDependency */ = {
			isa = PBXTargetDependency;
			target = D583562119EEEEC4009534C1 /* Agda Writer */;
			targetProxy = D52D6D091B09F778006554E0 /* PBXContainerItemProxy */;
		};
/* End PBXTargetDependency section */

/* Begin PBXVariantGroup section */
		D583562E19EEEEC4009534C1 /* AWMainWindow.xib */ = {
			isa = PBXVariantGroup;
			children = (
				D583562F19EEEEC4009534C1 /* Base */,
			);
			name = AWMainWindow.xib;
			sourceTree = "<group>";
		};
/* End PBXVariantGroup section */

/* Begin XCBuildConfiguration section */
		D52D6D0C1B09F778006554E0 /* Debug */ = {
			isa = XCBuildConfiguration;
			buildSettings = {
				BUNDLE_LOADER = "$(TEST_HOST)";
				COMBINE_HIDPI_IMAGES = YES;
				DEBUG_INFORMATION_FORMAT = dwarf;
				FRAMEWORK_SEARCH_PATHS = (
					"$(DEVELOPER_FRAMEWORKS_DIR)",
					"$(inherited)",
				);
				GCC_NO_COMMON_BLOCKS = YES;
				GCC_PREPROCESSOR_DEFINITIONS = (
					"DEBUG=1",
					"$(inherited)",
				);
				INFOPLIST_FILE = "Agda Writer Parser Tests/Info.plist";
				LD_RUNPATH_SEARCH_PATHS = "$(inherited) @executable_path/../Frameworks @loader_path/../Frameworks";
				MACOSX_DEPLOYMENT_TARGET = 10.10;
				PRODUCT_NAME = "$(TARGET_NAME)";
				TEST_HOST = "$(BUILT_PRODUCTS_DIR)/Agda Writer.app/Contents/MacOS/Agda Writer";
			};
			name = Debug;
		};
		D52D6D0D1B09F778006554E0 /* Release */ = {
			isa = XCBuildConfiguration;
			buildSettings = {
				BUNDLE_LOADER = "$(TEST_HOST)";
				COMBINE_HIDPI_IMAGES = YES;
				COPY_PHASE_STRIP = NO;
				FRAMEWORK_SEARCH_PATHS = (
					"$(DEVELOPER_FRAMEWORKS_DIR)",
					"$(inherited)",
				);
				GCC_NO_COMMON_BLOCKS = YES;
				INFOPLIST_FILE = "Agda Writer Parser Tests/Info.plist";
				LD_RUNPATH_SEARCH_PATHS = "$(inherited) @executable_path/../Frameworks @loader_path/../Frameworks";
				MACOSX_DEPLOYMENT_TARGET = 10.10;
				PRODUCT_NAME = "$(TARGET_NAME)";
				TEST_HOST = "$(BUILT_PRODUCTS_DIR)/Agda Writer.app/Contents/MacOS/Agda Writer";
			};
			name = Release;
		};
		D583563D19EEEEC4009534C1 /* Debug */ = {
			isa = XCBuildConfiguration;
			buildSettings = {
				ALWAYS_SEARCH_USER_PATHS = NO;
				CLANG_CXX_LANGUAGE_STANDARD = "gnu++0x";
				CLANG_CXX_LIBRARY = "libc++";
				CLANG_ENABLE_MODULES = YES;
				CLANG_ENABLE_OBJC_ARC = YES;
				CLANG_WARN_BOOL_CONVERSION = YES;
				CLANG_WARN_CONSTANT_CONVERSION = YES;
				CLANG_WARN_DIRECT_OBJC_ISA_USAGE = YES_ERROR;
				CLANG_WARN_EMPTY_BODY = YES;
				CLANG_WARN_ENUM_CONVERSION = YES;
				CLANG_WARN_INT_CONVERSION = YES;
				CLANG_WARN_OBJC_ROOT_CLASS = YES_ERROR;
				CLANG_WARN_UNREACHABLE_CODE = YES;
				CLANG_WARN__DUPLICATE_METHOD_MATCH = YES;
				CODE_SIGN_IDENTITY = "-";
				COPY_PHASE_STRIP = NO;
				ENABLE_STRICT_OBJC_MSGSEND = YES;
				GCC_C_LANGUAGE_STANDARD = gnu99;
				GCC_DYNAMIC_NO_PIC = NO;
				GCC_OPTIMIZATION_LEVEL = 0;
				GCC_PREPROCESSOR_DEFINITIONS = (
					"DEBUG=1",
					"$(inherited)",
				);
				GCC_SYMBOLS_PRIVATE_EXTERN = NO;
				GCC_WARN_64_TO_32_BIT_CONVERSION = YES;
				GCC_WARN_ABOUT_RETURN_TYPE = YES_ERROR;
				GCC_WARN_UNDECLARED_SELECTOR = YES;
				GCC_WARN_UNINITIALIZED_AUTOS = YES_AGGRESSIVE;
				GCC_WARN_UNUSED_FUNCTION = YES;
				GCC_WARN_UNUSED_VARIABLE = YES;
				MACOSX_DEPLOYMENT_TARGET = 10.9;
				MTL_ENABLE_DEBUG_INFO = YES;
				ONLY_ACTIVE_ARCH = YES;
				SDKROOT = macosx;
			};
			name = Debug;
		};
		D583563E19EEEEC4009534C1 /* Release */ = {
			isa = XCBuildConfiguration;
			buildSettings = {
				ALWAYS_SEARCH_USER_PATHS = NO;
				CLANG_CXX_LANGUAGE_STANDARD = "gnu++0x";
				CLANG_CXX_LIBRARY = "libc++";
				CLANG_ENABLE_MODULES = YES;
				CLANG_ENABLE_OBJC_ARC = YES;
				CLANG_WARN_BOOL_CONVERSION = YES;
				CLANG_WARN_CONSTANT_CONVERSION = YES;
				CLANG_WARN_DIRECT_OBJC_ISA_USAGE = YES_ERROR;
				CLANG_WARN_EMPTY_BODY = YES;
				CLANG_WARN_ENUM_CONVERSION = YES;
				CLANG_WARN_INT_CONVERSION = YES;
				CLANG_WARN_OBJC_ROOT_CLASS = YES_ERROR;
				CLANG_WARN_UNREACHABLE_CODE = YES;
				CLANG_WARN__DUPLICATE_METHOD_MATCH = YES;
				CODE_SIGN_IDENTITY = "-";
				COPY_PHASE_STRIP = YES;
				DEBUG_INFORMATION_FORMAT = "dwarf-with-dsym";
				ENABLE_NS_ASSERTIONS = NO;
				ENABLE_STRICT_OBJC_MSGSEND = YES;
				GCC_C_LANGUAGE_STANDARD = gnu99;
				GCC_WARN_64_TO_32_BIT_CONVERSION = YES;
				GCC_WARN_ABOUT_RETURN_TYPE = YES_ERROR;
				GCC_WARN_UNDECLARED_SELECTOR = YES;
				GCC_WARN_UNINITIALIZED_AUTOS = YES_AGGRESSIVE;
				GCC_WARN_UNUSED_FUNCTION = YES;
				GCC_WARN_UNUSED_VARIABLE = YES;
				MACOSX_DEPLOYMENT_TARGET = 10.9;
				MTL_ENABLE_DEBUG_INFO = NO;
				SDKROOT = macosx;
			};
			name = Release;
		};
		D583564019EEEEC4009534C1 /* Debug */ = {
			isa = XCBuildConfiguration;
			buildSettings = {
				ASSETCATALOG_COMPILER_APPICON_NAME = "AppIcon New";
				COMBINE_HIDPI_IMAGES = YES;
				INFOPLIST_FILE = AgdaWriter/Info.plist;
				LD_RUNPATH_SEARCH_PATHS = "$(inherited) @executable_path/../Frameworks";
				PRODUCT_NAME = "$(TARGET_NAME)";
			};
			name = Debug;
		};
		D583564119EEEEC4009534C1 /* Release */ = {
			isa = XCBuildConfiguration;
			buildSettings = {
				ASSETCATALOG_COMPILER_APPICON_NAME = "AppIcon New";
				COMBINE_HIDPI_IMAGES = YES;
				INFOPLIST_FILE = AgdaWriter/Info.plist;
				LD_RUNPATH_SEARCH_PATHS = "$(inherited) @executable_path/../Frameworks";
				PRODUCT_NAME = "$(TARGET_NAME)";
			};
			name = Release;
		};
/* End XCBuildConfiguration section */

/* Begin XCConfigurationList section */
		D52D6D0B1B09F778006554E0 /* Build configuration list for PBXNativeTarget "Agda Writer Parser Tests" */ = {
			isa = XCConfigurationList;
			buildConfigurations = (
				D52D6D0C1B09F778006554E0 /* Debug */,
				D52D6D0D1B09F778006554E0 /* Release */,
			);
			defaultConfigurationIsVisible = 0;
			defaultConfigurationName = Release;
		};
		D583561D19EEEEC4009534C1 /* Build configuration list for PBXProject "AgdaWriter" */ = {
			isa = XCConfigurationList;
			buildConfigurations = (
				D583563D19EEEEC4009534C1 /* Debug */,
				D583563E19EEEEC4009534C1 /* Release */,
			);
			defaultConfigurationIsVisible = 0;
			defaultConfigurationName = Release;
		};
		D583563F19EEEEC4009534C1 /* Build configuration list for PBXNativeTarget "Agda Writer" */ = {
			isa = XCConfigurationList;
			buildConfigurations = (
				D583564019EEEEC4009534C1 /* Debug */,
				D583564119EEEEC4009534C1 /* Release */,
			);
			defaultConfigurationIsVisible = 0;
			defaultConfigurationName = Release;
		};
/* End XCConfigurationList section */
	};
	rootObject = D583561A19EEEEC4009534C1 /* Project object */;
}
